# This file is autogenerated, do not edit; changes may be undone by the next 'dep ensure'.


[[projects]]
  branch = "master"
  digest = "1:98a49d9edf7d250fe280c04f903b4379710f340eda4e48fa6a5a13ab71531b8c"
  name = "github.com/antzucaro/matchr"
  packages = ["."]
  pruneopts = "UT"
  revision = "cbc221335f3c9d9eff15d1d9d5983ddf70b906b6"

[solve-meta]
  analyzer-name = "dep"
  analyzer-version = 1
  input-imports = ["github.com/antzucaro/matchr"]
  solver-name = "gps-cdcl"
  solver-version = 1
